
Microsoft Visual Studio Solution File, Format Version 12.00
Project("{FAE04EC0-301F-11D3-BF4B-00C04F79EFBC}") = "SystemAPI", "SystemAPI\SystemAPI.csproj", "{CFE31261-E0BE-40AD-8137-2B1098C633A8}"
EndProject
Global
	GlobalSection(SolutionConfigurationPlatforms) = preSolution
		Debug|Any CPU = Debug|Any CPU
		Release|Any CPU = Release|Any CPU
	EndGlobalSection
	GlobalSection(ProjectConfigurationPlatforms) = postSolution
		{CFE31261-E0BE-40AD-8137-2B1098C633A8}.Debug|Any CPU.ActiveCfg = Debug|Any CPU
		{CFE31261-E0BE-40AD-8137-2B1098C633A8}.Debug|Any CPU.Build.0 = Debug|Any CPU
		{CFE31261-E0BE-40AD-8137-2B1098C633A8}.Release|Any CPU.ActiveCfg = Release|Any CPU
		{CFE31261-E0BE-40AD-8137-2B1098C633A8}.Release|Any CPU.Build.0 = Release|Any CPU
	EndGlobalSection
EndGlobal
