
Microsoft Visual Studio Solution File, Format Version 12.00
Project("{FAE04EC0-301F-11D3-BF4B-00C04F79EFBC}") = "System.API", "System.API\System.API.csproj", "{CFE31261-E0BE-40AD-8137-2B1098C633A8}"
EndProject
Project("{FAE04EC0-301F-11D3-BF4B-00C04F79EFBC}") = "System.Data", "System.Data\System.Data.csproj", "{4127743C-011F-4406-A95D-AF5A008C30C5}"
EndProject
Project("{FAE04EC0-301F-11D3-BF4B-00C04F79EFBC}") = "System.Shared", "System.Shared\System.Shared.csproj", "{E38ACDC0-3362-4E84-815B-26E18BF1C254}"
EndProject
Global
	GlobalSection(SolutionConfigurationPlatforms) = preSolution
		Debug|Any CPU = Debug|Any CPU
		Release|Any CPU = Release|Any CPU
	EndGlobalSection
	GlobalSection(ProjectConfigurationPlatforms) = postSolution
		{CFE31261-E0BE-40AD-8137-2B1098C633A8}.Debug|Any CPU.ActiveCfg = Debug|Any CPU
		{CFE31261-E0BE-40AD-8137-2B1098C633A8}.Debug|Any CPU.Build.0 = Debug|Any CPU
		{CFE31261-E0BE-40AD-8137-2B1098C633A8}.Release|Any CPU.ActiveCfg = Release|Any CPU
		{CFE31261-E0BE-40AD-8137-2B1098C633A8}.Release|Any CPU.Build.0 = Release|Any CPU
		{4127743C-011F-4406-A95D-AF5A008C30C5}.Debug|Any CPU.ActiveCfg = Debug|Any CPU
		{4127743C-011F-4406-A95D-AF5A008C30C5}.Debug|Any CPU.Build.0 = Debug|Any CPU
		{4127743C-011F-4406-A95D-AF5A008C30C5}.Release|Any CPU.ActiveCfg = Release|Any CPU
		{4127743C-011F-4406-A95D-AF5A008C30C5}.Release|Any CPU.Build.0 = Release|Any CPU
		{E38ACDC0-3362-4E84-815B-26E18BF1C254}.Debug|Any CPU.ActiveCfg = Debug|Any CPU
		{E38ACDC0-3362-4E84-815B-26E18BF1C254}.Debug|Any CPU.Build.0 = Debug|Any CPU
		{E38ACDC0-3362-4E84-815B-26E18BF1C254}.Release|Any CPU.ActiveCfg = Release|Any CPU
		{E38ACDC0-3362-4E84-815B-26E18BF1C254}.Release|Any CPU.Build.0 = Release|Any CPU
	EndGlobalSection
EndGlobal
